// !$*UTF8*$!
{
	archiveVersion = 1;
	classes = {
	};
	objectVersion = 52;
	objects = {

/* Begin PBXBuildFile section */
		410D7FAD2427922C0065F8C2 /* BookingService.swift in Sources */ = {isa = PBXBuildFile; fileRef = 410D7FAC2427922C0065F8C2 /* BookingService.swift */; };
		410D7FB1242794B20065F8C2 /* TripDetails.swift in Sources */ = {isa = PBXBuildFile; fileRef = 410D7FB0242794B20065F8C2 /* TripDetails.swift */; };
		410D7FB32427972E0065F8C2 /* BookingPushDto.swift in Sources */ = {isa = PBXBuildFile; fileRef = 410D7FB22427972E0065F8C2 /* BookingPushDto.swift */; };
		410D7FB5242934FC0065F8C2 /* BookingResponseDto.swift in Sources */ = {isa = PBXBuildFile; fileRef = 410D7FB4242934FC0065F8C2 /* BookingResponseDto.swift */; };
		410D7FB7242938D50065F8C2 /* CheckoutInputDetailsView.swift in Sources */ = {isa = PBXBuildFile; fileRef = 410D7FB6242938D50065F8C2 /* CheckoutInputDetailsView.swift */; };
		411445C02405A7CE0064D078 /* FareRowDetailView.swift in Sources */ = {isa = PBXBuildFile; fileRef = 411445BF2405A7CE0064D078 /* FareRowDetailView.swift */; };
		4138161B242CDC04009F0589 /* BookedFlightsView.swift in Sources */ = {isa = PBXBuildFile; fileRef = 4138161A242CDC04009F0589 /* BookedFlightsView.swift */; };
		41417006240199E400F72FD7 /* ShplBFFGraphQL.swift in Sources */ = {isa = PBXBuildFile; fileRef = 41417005240199E400F72FD7 /* ShplBFFGraphQL.swift */; };
		417AEBB723FF1B4700434381 /* AppDelegate.swift in Sources */ = {isa = PBXBuildFile; fileRef = 417AEBB623FF1B4700434381 /* AppDelegate.swift */; };
		417AEBB923FF1B4700434381 /* SceneDelegate.swift in Sources */ = {isa = PBXBuildFile; fileRef = 417AEBB823FF1B4700434381 /* SceneDelegate.swift */; };
		417AEBBD23FF1B4900434381 /* Assets.xcassets in Resources */ = {isa = PBXBuildFile; fileRef = 417AEBBC23FF1B4900434381 /* Assets.xcassets */; };
		417AEBC023FF1B4900434381 /* Preview Assets.xcassets in Resources */ = {isa = PBXBuildFile; fileRef = 417AEBBF23FF1B4900434381 /* Preview Assets.xcassets */; };
		417AEBC323FF1B4900434381 /* LaunchScreen.storyboard in Resources */ = {isa = PBXBuildFile; fileRef = 417AEBC123FF1B4900434381 /* LaunchScreen.storyboard */; };
		417AEBD123FF1DDE00434381 /* Apollo in Frameworks */ = {isa = PBXBuildFile; productRef = 417AEBD023FF1DDE00434381 /* Apollo */; };
		417AEBD423FFF55900434381 /* ShplBffProvider.swift in Sources */ = {isa = PBXBuildFile; fileRef = 417AEBD323FFF55900434381 /* ShplBffProvider.swift */; };
		417AEBD7240001AB00434381 /* Airport.swift in Sources */ = {isa = PBXBuildFile; fileRef = 417AEBD6240001AB00434381 /* Airport.swift */; };
		417AEBDA2400343700434381 /* AppView.swift in Sources */ = {isa = PBXBuildFile; fileRef = 417AEBD92400343700434381 /* AppView.swift */; };
		417AEBE32400509A00434381 /* AirportSelectionView.swift in Sources */ = {isa = PBXBuildFile; fileRef = 417AEBE22400509A00434381 /* AirportSelectionView.swift */; };
		417AEBE52400519000434381 /* FlightPickerView.swift in Sources */ = {isa = PBXBuildFile; fileRef = 417AEBE42400519000434381 /* FlightPickerView.swift */; };
		417AEBEF24006C3200434381 /* City.swift in Sources */ = {isa = PBXBuildFile; fileRef = 417AEBEE24006C3200434381 /* City.swift */; };
		417AEBF124006C7400434381 /* Country.swift in Sources */ = {isa = PBXBuildFile; fileRef = 417AEBF024006C7400434381 /* Country.swift */; };
		417AEBF324006CD900434381 /* Autocomplete.swift in Sources */ = {isa = PBXBuildFile; fileRef = 417AEBF224006CD900434381 /* Autocomplete.swift */; };
		417AEBF52400736D00434381 /* GenericRowItemView.swift in Sources */ = {isa = PBXBuildFile; fileRef = 417AEBF42400736D00434381 /* GenericRowItemView.swift */; };
		417AEBF72401447900434381 /* FlightTypeEnum.swift in Sources */ = {isa = PBXBuildFile; fileRef = 417AEBF62401447900434381 /* FlightTypeEnum.swift */; };
		417AEBF924014B0F00434381 /* ViewsManager.swift in Sources */ = {isa = PBXBuildFile; fileRef = 417AEBF824014B0F00434381 /* ViewsManager.swift */; };
		419CB6BA2427804F00B2DD48 /* ShplBookingMgmtProvider.swift in Sources */ = {isa = PBXBuildFile; fileRef = 419CB6B92427804F00B2DD48 /* ShplBookingMgmtProvider.swift */; };
		41A13D0F24085948006CBF6A /* BookingDetails.swift in Sources */ = {isa = PBXBuildFile; fileRef = 41A13D0E24085948006CBF6A /* BookingDetails.swift */; };
		41A13D1224097B23006CBF6A /* CheckoutView.swift in Sources */ = {isa = PBXBuildFile; fileRef = 41A13D1124097B23006CBF6A /* CheckoutView.swift */; };
		41DD7FEB24044E1A00894749 /* DepartureFareListView.swift in Sources */ = {isa = PBXBuildFile; fileRef = 41DD7FEA24044E1A00894749 /* DepartureFareListView.swift */; };
		41DD7FED2404513500894749 /* Fare.swift in Sources */ = {isa = PBXBuildFile; fileRef = 41DD7FEC2404513500894749 /* Fare.swift */; };
		41F47C5B2425267500329CEB /* Endpoints.plist in Resources */ = {isa = PBXBuildFile; fileRef = 41F47C5A2425267500329CEB /* Endpoints.plist */; };
		41F47C5F2425303C00329CEB /* EndpointsProvider.swift in Sources */ = {isa = PBXBuildFile; fileRef = 41F47C5E2425303C00329CEB /* EndpointsProvider.swift */; };
		41F47C61242543D400329CEB /* User.swift in Sources */ = {isa = PBXBuildFile; fileRef = 41F47C60242543D400329CEB /* User.swift */; };
		41F47C63242543E000329CEB /* ShplUserMgmtProvider.swift in Sources */ = {isa = PBXBuildFile; fileRef = 41F47C62242543E000329CEB /* ShplUserMgmtProvider.swift */; };
		41F47C6524254EE500329CEB /* UserProfileMgmtView.swift in Sources */ = {isa = PBXBuildFile; fileRef = 41F47C6424254EE500329CEB /* UserProfileMgmtView.swift */; };
		41F47C68242550BB00329CEB /* UserDetails.swift in Sources */ = {isa = PBXBuildFile; fileRef = 41F47C67242550BB00329CEB /* UserDetails.swift */; };
		41F47C6C242554BA00329CEB /* LoginFormView.swift in Sources */ = {isa = PBXBuildFile; fileRef = 41F47C6B242554BA00329CEB /* LoginFormView.swift */; };
		41F47C6E24262AA700329CEB /* UserDetailsView.swift in Sources */ = {isa = PBXBuildFile; fileRef = 41F47C6D24262AA700329CEB /* UserDetailsView.swift */; };
		49A4AEE22458A685009CE08E /* Confirmed.swift in Sources */ = {isa = PBXBuildFile; fileRef = 49A4AEE12458A685009CE08E /* Confirmed.swift */; };
		49A4AEE4245B45A5009CE08E /* SelectedFlightView.swift in Sources */ = {isa = PBXBuildFile; fileRef = 49A4AEE3245B45A5009CE08E /* SelectedFlightView.swift */; };
		49A4AEE6245B4675009CE08E /* ReturnFareListView.swift in Sources */ = {isa = PBXBuildFile; fileRef = 49A4AEE5245B4675009CE08E /* ReturnFareListView.swift */; };
		49A4AEE8245B4A2B009CE08E /* FareListView.swift in Sources */ = {isa = PBXBuildFile; fileRef = 49A4AEE7245B4A2B009CE08E /* FareListView.swift */; };
/* End PBXBuildFile section */

/* Begin PBXFileReference section */
		410D7FAC2427922C0065F8C2 /* BookingService.swift */ = {isa = PBXFileReference; lastKnownFileType = sourcecode.swift; path = BookingService.swift; sourceTree = "<group>"; };
		410D7FB0242794B20065F8C2 /* TripDetails.swift */ = {isa = PBXFileReference; lastKnownFileType = sourcecode.swift; path = TripDetails.swift; sourceTree = "<group>"; };
		410D7FB22427972E0065F8C2 /* BookingPushDto.swift */ = {isa = PBXFileReference; lastKnownFileType = sourcecode.swift; path = BookingPushDto.swift; sourceTree = "<group>"; };
		410D7FB4242934FC0065F8C2 /* BookingResponseDto.swift */ = {isa = PBXFileReference; lastKnownFileType = sourcecode.swift; path = BookingResponseDto.swift; sourceTree = "<group>"; };
		410D7FB6242938D50065F8C2 /* CheckoutInputDetailsView.swift */ = {isa = PBXFileReference; lastKnownFileType = sourcecode.swift; path = CheckoutInputDetailsView.swift; sourceTree = "<group>"; };
		411445BF2405A7CE0064D078 /* FareRowDetailView.swift */ = {isa = PBXFileReference; lastKnownFileType = sourcecode.swift; path = FareRowDetailView.swift; sourceTree = "<group>"; };
		4138161A242CDC04009F0589 /* BookedFlightsView.swift */ = {isa = PBXFileReference; lastKnownFileType = sourcecode.swift; path = BookedFlightsView.swift; sourceTree = "<group>"; };
		41417005240199E400F72FD7 /* ShplBFFGraphQL.swift */ = {isa = PBXFileReference; fileEncoding = 4; lastKnownFileType = sourcecode.swift; name = ShplBFFGraphQL.swift; path = frontend/ShplBFFGraphQL.swift; sourceTree = SOURCE_ROOT; };
		417AEBB323FF1B4700434381 /* shpl-fe.app */ = {isa = PBXFileReference; explicitFileType = wrapper.application; includeInIndex = 0; path = "shpl-fe.app"; sourceTree = BUILT_PRODUCTS_DIR; };
		417AEBB623FF1B4700434381 /* AppDelegate.swift */ = {isa = PBXFileReference; lastKnownFileType = sourcecode.swift; path = AppDelegate.swift; sourceTree = "<group>"; };
		417AEBB823FF1B4700434381 /* SceneDelegate.swift */ = {isa = PBXFileReference; lastKnownFileType = sourcecode.swift; path = SceneDelegate.swift; sourceTree = "<group>"; };
		417AEBBC23FF1B4900434381 /* Assets.xcassets */ = {isa = PBXFileReference; lastKnownFileType = folder.assetcatalog; path = Assets.xcassets; sourceTree = "<group>"; };
		417AEBBF23FF1B4900434381 /* Preview Assets.xcassets */ = {isa = PBXFileReference; lastKnownFileType = folder.assetcatalog; path = "Preview Assets.xcassets"; sourceTree = "<group>"; };
		417AEBC223FF1B4900434381 /* Base */ = {isa = PBXFileReference; lastKnownFileType = file.storyboard; name = Base; path = Base.lproj/LaunchScreen.storyboard; sourceTree = "<group>"; };
		417AEBC423FF1B4900434381 /* Info.plist */ = {isa = PBXFileReference; lastKnownFileType = text.plist.xml; path = Info.plist; sourceTree = "<group>"; };
		417AEBD323FFF55900434381 /* ShplBffProvider.swift */ = {isa = PBXFileReference; lastKnownFileType = sourcecode.swift; path = ShplBffProvider.swift; sourceTree = "<group>"; };
		417AEBD6240001AB00434381 /* Airport.swift */ = {isa = PBXFileReference; lastKnownFileType = sourcecode.swift; path = Airport.swift; sourceTree = "<group>"; };
		417AEBD92400343700434381 /* AppView.swift */ = {isa = PBXFileReference; lastKnownFileType = sourcecode.swift; path = AppView.swift; sourceTree = "<group>"; };
		417AEBE22400509A00434381 /* AirportSelectionView.swift */ = {isa = PBXFileReference; fileEncoding = 4; lastKnownFileType = sourcecode.swift; path = AirportSelectionView.swift; sourceTree = "<group>"; };
		417AEBE42400519000434381 /* FlightPickerView.swift */ = {isa = PBXFileReference; lastKnownFileType = sourcecode.swift; path = FlightPickerView.swift; sourceTree = "<group>"; };
		417AEBEE24006C3200434381 /* City.swift */ = {isa = PBXFileReference; lastKnownFileType = sourcecode.swift; path = City.swift; sourceTree = "<group>"; };
		417AEBF024006C7400434381 /* Country.swift */ = {isa = PBXFileReference; lastKnownFileType = sourcecode.swift; path = Country.swift; sourceTree = "<group>"; };
		417AEBF224006CD900434381 /* Autocomplete.swift */ = {isa = PBXFileReference; lastKnownFileType = sourcecode.swift; path = Autocomplete.swift; sourceTree = "<group>"; };
		417AEBF42400736D00434381 /* GenericRowItemView.swift */ = {isa = PBXFileReference; lastKnownFileType = sourcecode.swift; path = GenericRowItemView.swift; sourceTree = "<group>"; };
		417AEBF62401447900434381 /* FlightTypeEnum.swift */ = {isa = PBXFileReference; lastKnownFileType = sourcecode.swift; path = FlightTypeEnum.swift; sourceTree = "<group>"; };
		417AEBF824014B0F00434381 /* ViewsManager.swift */ = {isa = PBXFileReference; lastKnownFileType = sourcecode.swift; path = ViewsManager.swift; sourceTree = "<group>"; };
		419CB6B92427804F00B2DD48 /* ShplBookingMgmtProvider.swift */ = {isa = PBXFileReference; lastKnownFileType = sourcecode.swift; path = ShplBookingMgmtProvider.swift; sourceTree = "<group>"; };
		41A13D0E24085948006CBF6A /* BookingDetails.swift */ = {isa = PBXFileReference; lastKnownFileType = sourcecode.swift; path = BookingDetails.swift; sourceTree = "<group>"; };
		41A13D1124097B23006CBF6A /* CheckoutView.swift */ = {isa = PBXFileReference; lastKnownFileType = sourcecode.swift; path = CheckoutView.swift; sourceTree = "<group>"; };
		41DD7FEA24044E1A00894749 /* DepartureFareListView.swift */ = {isa = PBXFileReference; lastKnownFileType = sourcecode.swift; path = DepartureFareListView.swift; sourceTree = "<group>"; };
		41DD7FEC2404513500894749 /* Fare.swift */ = {isa = PBXFileReference; lastKnownFileType = sourcecode.swift; path = Fare.swift; sourceTree = "<group>"; };
		41F47C5A2425267500329CEB /* Endpoints.plist */ = {isa = PBXFileReference; lastKnownFileType = text.plist.xml; path = Endpoints.plist; sourceTree = "<group>"; };
		41F47C5E2425303C00329CEB /* EndpointsProvider.swift */ = {isa = PBXFileReference; fileEncoding = 4; lastKnownFileType = sourcecode.swift; path = EndpointsProvider.swift; sourceTree = "<group>"; };
		41F47C60242543D400329CEB /* User.swift */ = {isa = PBXFileReference; lastKnownFileType = sourcecode.swift; path = User.swift; sourceTree = "<group>"; };
		41F47C62242543E000329CEB /* ShplUserMgmtProvider.swift */ = {isa = PBXFileReference; lastKnownFileType = sourcecode.swift; path = ShplUserMgmtProvider.swift; sourceTree = "<group>"; };
		41F47C6424254EE500329CEB /* UserProfileMgmtView.swift */ = {isa = PBXFileReference; lastKnownFileType = sourcecode.swift; path = UserProfileMgmtView.swift; sourceTree = "<group>"; };
		41F47C67242550BB00329CEB /* UserDetails.swift */ = {isa = PBXFileReference; lastKnownFileType = sourcecode.swift; path = UserDetails.swift; sourceTree = "<group>"; };
		41F47C6B242554BA00329CEB /* LoginFormView.swift */ = {isa = PBXFileReference; lastKnownFileType = sourcecode.swift; path = LoginFormView.swift; sourceTree = "<group>"; };
		41F47C6D24262AA700329CEB /* UserDetailsView.swift */ = {isa = PBXFileReference; lastKnownFileType = sourcecode.swift; path = UserDetailsView.swift; sourceTree = "<group>"; };
		49A4AEE12458A685009CE08E /* Confirmed.swift */ = {isa = PBXFileReference; lastKnownFileType = sourcecode.swift; path = Confirmed.swift; sourceTree = "<group>"; };
		49A4AEE3245B45A5009CE08E /* SelectedFlightView.swift */ = {isa = PBXFileReference; lastKnownFileType = sourcecode.swift; path = SelectedFlightView.swift; sourceTree = "<group>"; };
		49A4AEE5245B4675009CE08E /* ReturnFareListView.swift */ = {isa = PBXFileReference; fileEncoding = 4; lastKnownFileType = sourcecode.swift; path = ReturnFareListView.swift; sourceTree = "<group>"; };
		49A4AEE7245B4A2B009CE08E /* FareListView.swift */ = {isa = PBXFileReference; lastKnownFileType = sourcecode.swift; path = FareListView.swift; sourceTree = "<group>"; };
/* End PBXFileReference section */

/* Begin PBXFrameworksBuildPhase section */
		417AEBB023FF1B4700434381 /* Frameworks */ = {
			isa = PBXFrameworksBuildPhase;
			buildActionMask = 2147483647;
			files = (
				417AEBD123FF1DDE00434381 /* Apollo in Frameworks */,
			);
			runOnlyForDeploymentPostprocessing = 0;
		};
/* End PBXFrameworksBuildPhase section */

/* Begin PBXGroup section */
		410D7FAE242792340065F8C2 /* service */ = {
			isa = PBXGroup;
			children = (
				410D7FAC2427922C0065F8C2 /* BookingService.swift */,
			);
			path = service;
			sourceTree = "<group>";
		};
		410D7FAF242793820065F8C2 /* model */ = {
			isa = PBXGroup;
			children = (
				41F47C67242550BB00329CEB /* UserDetails.swift */,
				41A13D0E24085948006CBF6A /* BookingDetails.swift */,
				410D7FB0242794B20065F8C2 /* TripDetails.swift */,
				49A4AEE12458A685009CE08E /* Confirmed.swift */,
			);
			path = model;
			sourceTree = "<group>";
		};
		410D7FB8242938D90065F8C2 /* checkout */ = {
			isa = PBXGroup;
			children = (
				410D7FB6242938D50065F8C2 /* CheckoutInputDetailsView.swift */,
			);
			path = checkout;
			sourceTree = "<group>";
		};
		417AEBAA23FF1B4700434381 = {
			isa = PBXGroup;
			children = (
				417AEBB523FF1B4700434381 /* frontend */,
				417AEBB423FF1B4700434381 /* Products */,
			);
			sourceTree = "<group>";
		};
		417AEBB423FF1B4700434381 /* Products */ = {
			isa = PBXGroup;
			children = (
				417AEBB323FF1B4700434381 /* shpl-fe.app */,
			);
			name = Products;
			sourceTree = "<group>";
		};
		417AEBB523FF1B4700434381 /* frontend */ = {
			isa = PBXGroup;
			children = (
				419CB6BD2427819E00B2DD48 /* dto */,
				417AEBD8240001B200434381 /* model */,
				417AEBD223FFF52800434381 /* graphql */,
				417AEBD523FFF56100434381 /* provider */,
				410D7FAE242792340065F8C2 /* service */,
				417AEBDB2400343E00434381 /* view */,
				417AEBB823FF1B4700434381 /* SceneDelegate.swift */,
				417AEBB623FF1B4700434381 /* AppDelegate.swift */,
				417AEBBC23FF1B4900434381 /* Assets.xcassets */,
				417AEBC123FF1B4900434381 /* LaunchScreen.storyboard */,
				417AEBC423FF1B4900434381 /* Info.plist */,
				41F47C5A2425267500329CEB /* Endpoints.plist */,
				417AEBBE23FF1B4900434381 /* Preview Content */,
			);
			path = frontend;
			sourceTree = "<group>";
		};
		417AEBBE23FF1B4900434381 /* Preview Content */ = {
			isa = PBXGroup;
			children = (
				417AEBBF23FF1B4900434381 /* Preview Assets.xcassets */,
			);
			path = "Preview Content";
			sourceTree = "<group>";
		};
		417AEBD223FFF52800434381 /* graphql */ = {
			isa = PBXGroup;
			children = (
				41417005240199E400F72FD7 /* ShplBFFGraphQL.swift */,
			);
			path = graphql;
			sourceTree = "<group>";
		};
		417AEBD523FFF56100434381 /* provider */ = {
			isa = PBXGroup;
			children = (
				41F47C5E2425303C00329CEB /* EndpointsProvider.swift */,
				417AEBD323FFF55900434381 /* ShplBffProvider.swift */,
				41F47C62242543E000329CEB /* ShplUserMgmtProvider.swift */,
				419CB6B92427804F00B2DD48 /* ShplBookingMgmtProvider.swift */,
			);
			path = provider;
			sourceTree = "<group>";
		};
		417AEBD8240001B200434381 /* model */ = {
			isa = PBXGroup;
			children = (
				417AEBD6240001AB00434381 /* Airport.swift */,
				41DD7FEC2404513500894749 /* Fare.swift */,
				417AEBEE24006C3200434381 /* City.swift */,
				417AEBF024006C7400434381 /* Country.swift */,
				417AEBF224006CD900434381 /* Autocomplete.swift */,
				41F47C60242543D400329CEB /* User.swift */,
			);
			path = model;
			sourceTree = "<group>";
		};
		417AEBDB2400343E00434381 /* view */ = {
			isa = PBXGroup;
			children = (
				410D7FAF242793820065F8C2 /* model */,
				417AEBFA2401571C00434381 /* helper */,
				417AEBD92400343700434381 /* AppView.swift */,
				41A13D1124097B23006CBF6A /* CheckoutView.swift */,
				417AEBE42400519000434381 /* FlightPickerView.swift */,
				417AEBF42400736D00434381 /* GenericRowItemView.swift */,
				41F47C6424254EE500329CEB /* UserProfileMgmtView.swift */,
				41DD7FE924044DF200894749 /* flightPicker */,
				41A13D1024097B02006CBF6A /* farePickerScreen */,
				410D7FB8242938D90065F8C2 /* checkout */,
				41F47C6624254EEE00329CEB /* userProfile */,
			);
			path = view;
			sourceTree = "<group>";
		};
		417AEBFA2401571C00434381 /* helper */ = {
			isa = PBXGroup;
			children = (
				417AEBF62401447900434381 /* FlightTypeEnum.swift */,
				417AEBF824014B0F00434381 /* ViewsManager.swift */,
			);
			path = helper;
			sourceTree = "<group>";
		};
		419CB6BD2427819E00B2DD48 /* dto */ = {
			isa = PBXGroup;
			children = (
				410D7FB22427972E0065F8C2 /* BookingPushDto.swift */,
				410D7FB4242934FC0065F8C2 /* BookingResponseDto.swift */,
			);
			path = dto;
			sourceTree = "<group>";
		};
		41A13D1024097B02006CBF6A /* farePickerScreen */ = {
			isa = PBXGroup;
			children = (
				49A4AEE9245B4E9B009CE08E /* subViews */,
				41DD7FEA24044E1A00894749 /* DepartureFareListView.swift */,
				49A4AEE5245B4675009CE08E /* ReturnFareListView.swift */,
			);
			path = farePickerScreen;
			sourceTree = "<group>";
		};
		41DD7FE924044DF200894749 /* flightPicker */ = {
			isa = PBXGroup;
			children = (
				417AEBE22400509A00434381 /* AirportSelectionView.swift */,
			);
			path = flightPicker;
			sourceTree = "<group>";
		};
		41F47C6624254EEE00329CEB /* userProfile */ = {
			isa = PBXGroup;
			children = (
				41F47C6B242554BA00329CEB /* LoginFormView.swift */,
				41F47C6D24262AA700329CEB /* UserDetailsView.swift */,
				4138161A242CDC04009F0589 /* BookedFlightsView.swift */,
			);
			path = userProfile;
			sourceTree = "<group>";
		};
		49A4AEE9245B4E9B009CE08E /* subViews */ = {
			isa = PBXGroup;
			children = (
				49A4AEE3245B45A5009CE08E /* SelectedFlightView.swift */,
				49A4AEE7245B4A2B009CE08E /* FareListView.swift */,
				411445BF2405A7CE0064D078 /* FareRowDetailView.swift */,
			);
			path = subViews;
			sourceTree = "<group>";
		};
/* End PBXGroup section */

/* Begin PBXNativeTarget section */
		417AEBB223FF1B4700434381 /* frontend */ = {
			isa = PBXNativeTarget;
			buildConfigurationList = 417AEBC723FF1B4900434381 /* Build configuration list for PBXNativeTarget "frontend" */;
			buildPhases = (
				417AEBCA23FF1C2000434381 /* LocateBFF */,
				417AEBAF23FF1B4700434381 /* Sources */,
				417AEBB023FF1B4700434381 /* Frameworks */,
				417AEBB123FF1B4700434381 /* Resources */,
			);
			buildRules = (
			);
			dependencies = (
			);
			name = frontend;
			packageProductDependencies = (
				417AEBD023FF1DDE00434381 /* Apollo */,
			);
			productName = frontend;
			productReference = 417AEBB323FF1B4700434381 /* shpl-fe.app */;
			productType = "com.apple.product-type.application";
		};
/* End PBXNativeTarget section */

/* Begin PBXProject section */
		417AEBAB23FF1B4700434381 /* Project object */ = {
			isa = PBXProject;
			attributes = {
				LastSwiftUpdateCheck = 1130;
				LastUpgradeCheck = 1130;
				ORGANIZATIONNAME = SHPL;
				TargetAttributes = {
					417AEBB223FF1B4700434381 = {
						CreatedOnToolsVersion = 11.3.1;
					};
				};
			};
			buildConfigurationList = 417AEBAE23FF1B4700434381 /* Build configuration list for PBXProject "frontend" */;
			compatibilityVersion = "Xcode 9.3";
			developmentRegion = en;
			hasScannedForEncodings = 0;
			knownRegions = (
				en,
				Base,
			);
			mainGroup = 417AEBAA23FF1B4700434381;
			packageReferences = (
				417AEBCF23FF1DDE00434381 /* XCRemoteSwiftPackageReference "apollo-ios" */,
			);
			productRefGroup = 417AEBB423FF1B4700434381 /* Products */;
			projectDirPath = "";
			projectRoot = "";
			targets = (
				417AEBB223FF1B4700434381 /* frontend */,
			);
		};
/* End PBXProject section */

/* Begin PBXResourcesBuildPhase section */
		417AEBB123FF1B4700434381 /* Resources */ = {
			isa = PBXResourcesBuildPhase;
			buildActionMask = 2147483647;
			files = (
				417AEBC323FF1B4900434381 /* LaunchScreen.storyboard in Resources */,
				41F47C5B2425267500329CEB /* Endpoints.plist in Resources */,
				417AEBC023FF1B4900434381 /* Preview Assets.xcassets in Resources */,
				417AEBBD23FF1B4900434381 /* Assets.xcassets in Resources */,
			);
			runOnlyForDeploymentPostprocessing = 0;
		};
/* End PBXResourcesBuildPhase section */

/* Begin PBXShellScriptBuildPhase section */
		417AEBCA23FF1C2000434381 /* LocateBFF */ = {
			isa = PBXShellScriptBuildPhase;
			buildActionMask = 2147483647;
			files = (
			);
			inputFileListPaths = (
			);
			inputPaths = (
			);
			name = LocateBFF;
			outputFileListPaths = (
			);
			outputPaths = (
			);
			runOnlyForDeploymentPostprocessing = 0;
			shellPath = /bin/sh;
			shellScript = "# Go to the build root and search up the chain to find the Derived Data Path where the source packages are checked out.\nDERIVED_DATA_CANDIDATE=\"${BUILD_ROOT}\"\n\nwhile ! [ -d \"${DERIVED_DATA_CANDIDATE}/SourcePackages\" ]; do\n  if [ \"${DERIVED_DATA_CANDIDATE}\" = / ]; then\n    echo >&2 \"error: Unable to locate SourcePackages directory from BUILD_ROOT: '${BUILD_ROOT}'\"\n    exit 1\n  fi\n\n  DERIVED_DATA_CANDIDATE=\"$(dirname \"${DERIVED_DATA_CANDIDATE}\")\"\ndone\n\n# Grab a reference to the directory where scripts are checked out\nSCRIPT_PATH=\"${DERIVED_DATA_CANDIDATE}/SourcePackages/checkouts/apollo-ios/scripts\"\n\nif [ -z \"${SCRIPT_PATH}\" ]; then\n    echo >&2 \"error: Couldn't find the CLI script in your checked out SPM packages; make sure to add the framework to your project.\"\n    exit 1\nfi\n\ncd \"${SRCROOT}/${TARGET_NAME}\"\n\"${SCRIPT_PATH}\"/run-bundled-codegen.sh codegen:generate --target=swift --includes=./**/*.graphql --localSchemaFile=\"schema.json\" ShplBFFGraphQL.swift\n";
		};
/* End PBXShellScriptBuildPhase section */

/* Begin PBXSourcesBuildPhase section */
		417AEBAF23FF1B4700434381 /* Sources */ = {
			isa = PBXSourcesBuildPhase;
			buildActionMask = 2147483647;
			files = (
				417AEBF924014B0F00434381 /* ViewsManager.swift in Sources */,
				49A4AEE22458A685009CE08E /* Confirmed.swift in Sources */,
				417AEBB723FF1B4700434381 /* AppDelegate.swift in Sources */,
				41DD7FED2404513500894749 /* Fare.swift in Sources */,
				417AEBB923FF1B4700434381 /* SceneDelegate.swift in Sources */,
				417AEBEF24006C3200434381 /* City.swift in Sources */,
				41F47C6524254EE500329CEB /* UserProfileMgmtView.swift in Sources */,
				4138161B242CDC04009F0589 /* BookedFlightsView.swift in Sources */,
				417AEBD423FFF55900434381 /* ShplBffProvider.swift in Sources */,
				49A4AEE6245B4675009CE08E /* ReturnFareListView.swift in Sources */,
				417AEBF72401447900434381 /* FlightTypeEnum.swift in Sources */,
				410D7FB1242794B20065F8C2 /* TripDetails.swift in Sources */,
				417AEBF124006C7400434381 /* Country.swift in Sources */,
				41F47C6C242554BA00329CEB /* LoginFormView.swift in Sources */,
				410D7FAD2427922C0065F8C2 /* BookingService.swift in Sources */,
				417AEBDA2400343700434381 /* AppView.swift in Sources */,
				419CB6BA2427804F00B2DD48 /* ShplBookingMgmtProvider.swift in Sources */,
				41F47C68242550BB00329CEB /* UserDetails.swift in Sources */,
				41F47C6E24262AA700329CEB /* UserDetailsView.swift in Sources */,
				410D7FB7242938D50065F8C2 /* CheckoutInputDetailsView.swift in Sources */,
				41F47C63242543E000329CEB /* ShplUserMgmtProvider.swift in Sources */,
				410D7FB5242934FC0065F8C2 /* BookingResponseDto.swift in Sources */,
				417AEBD7240001AB00434381 /* Airport.swift in Sources */,
				41A13D0F24085948006CBF6A /* BookingDetails.swift in Sources */,
				41F47C5F2425303C00329CEB /* EndpointsProvider.swift in Sources */,
				410D7FB32427972E0065F8C2 /* BookingPushDto.swift in Sources */,
				41A13D1224097B23006CBF6A /* CheckoutView.swift in Sources */,
				417AEBE52400519000434381 /* FlightPickerView.swift in Sources */,
				41417006240199E400F72FD7 /* ShplBFFGraphQL.swift in Sources */,
				417AEBF52400736D00434381 /* GenericRowItemView.swift in Sources */,
				417AEBE32400509A00434381 /* AirportSelectionView.swift in Sources */,
				41F47C61242543D400329CEB /* User.swift in Sources */,
				41DD7FEB24044E1A00894749 /* DepartureFareListView.swift in Sources */,
				411445C02405A7CE0064D078 /* FareRowDetailView.swift in Sources */,
				49A4AEE8245B4A2B009CE08E /* FareListView.swift in Sources */,
				49A4AEE4245B45A5009CE08E /* SelectedFlightView.swift in Sources */,
				417AEBF324006CD900434381 /* Autocomplete.swift in Sources */,
			);
			runOnlyForDeploymentPostprocessing = 0;
		};
/* End PBXSourcesBuildPhase section */

/* Begin PBXVariantGroup section */
		417AEBC123FF1B4900434381 /* LaunchScreen.storyboard */ = {
			isa = PBXVariantGroup;
			children = (
				417AEBC223FF1B4900434381 /* Base */,
			);
			name = LaunchScreen.storyboard;
			sourceTree = "<group>";
		};
/* End PBXVariantGroup section */

/* Begin XCBuildConfiguration section */
		417AEBC523FF1B4900434381 /* Debug */ = {
			isa = XCBuildConfiguration;
			buildSettings = {
				ALWAYS_SEARCH_USER_PATHS = NO;
				CLANG_ANALYZER_NONNULL = YES;
				CLANG_ANALYZER_NUMBER_OBJECT_CONVERSION = YES_AGGRESSIVE;
				CLANG_CXX_LANGUAGE_STANDARD = "gnu++14";
				CLANG_CXX_LIBRARY = "libc++";
				CLANG_ENABLE_MODULES = YES;
				CLANG_ENABLE_OBJC_ARC = YES;
				CLANG_ENABLE_OBJC_WEAK = YES;
				CLANG_WARN_BLOCK_CAPTURE_AUTORELEASING = YES;
				CLANG_WARN_BOOL_CONVERSION = YES;
				CLANG_WARN_COMMA = YES;
				CLANG_WARN_CONSTANT_CONVERSION = YES;
				CLANG_WARN_DEPRECATED_OBJC_IMPLEMENTATIONS = YES;
				CLANG_WARN_DIRECT_OBJC_ISA_USAGE = YES_ERROR;
				CLANG_WARN_DOCUMENTATION_COMMENTS = YES;
				CLANG_WARN_EMPTY_BODY = YES;
				CLANG_WARN_ENUM_CONVERSION = YES;
				CLANG_WARN_INFINITE_RECURSION = YES;
				CLANG_WARN_INT_CONVERSION = YES;
				CLANG_WARN_NON_LITERAL_NULL_CONVERSION = YES;
				CLANG_WARN_OBJC_IMPLICIT_RETAIN_SELF = YES;
				CLANG_WARN_OBJC_LITERAL_CONVERSION = YES;
				CLANG_WARN_OBJC_ROOT_CLASS = YES_ERROR;
				CLANG_WARN_RANGE_LOOP_ANALYSIS = YES;
				CLANG_WARN_STRICT_PROTOTYPES = YES;
				CLANG_WARN_SUSPICIOUS_MOVE = YES;
				CLANG_WARN_UNGUARDED_AVAILABILITY = YES_AGGRESSIVE;
				CLANG_WARN_UNREACHABLE_CODE = YES;
				CLANG_WARN__DUPLICATE_METHOD_MATCH = YES;
				COPY_PHASE_STRIP = NO;
				DEBUG_INFORMATION_FORMAT = dwarf;
				ENABLE_STRICT_OBJC_MSGSEND = YES;
				ENABLE_TESTABILITY = YES;
				GCC_C_LANGUAGE_STANDARD = gnu11;
				GCC_DYNAMIC_NO_PIC = NO;
				GCC_NO_COMMON_BLOCKS = YES;
				GCC_OPTIMIZATION_LEVEL = 0;
				GCC_PREPROCESSOR_DEFINITIONS = (
					"DEBUG=1",
					"$(inherited)",
				);
				GCC_WARN_64_TO_32_BIT_CONVERSION = YES;
				GCC_WARN_ABOUT_RETURN_TYPE = YES_ERROR;
				GCC_WARN_UNDECLARED_SELECTOR = YES;
				GCC_WARN_UNINITIALIZED_AUTOS = YES_AGGRESSIVE;
				GCC_WARN_UNUSED_FUNCTION = YES;
				GCC_WARN_UNUSED_VARIABLE = YES;
				IPHONEOS_DEPLOYMENT_TARGET = 13.2;
				MTL_ENABLE_DEBUG_INFO = INCLUDE_SOURCE;
				MTL_FAST_MATH = YES;
				ONLY_ACTIVE_ARCH = YES;
				SDKROOT = iphoneos;
				SWIFT_ACTIVE_COMPILATION_CONDITIONS = DEBUG;
				SWIFT_OPTIMIZATION_LEVEL = "-Onone";
			};
			name = Debug;
		};
		417AEBC623FF1B4900434381 /* Release */ = {
			isa = XCBuildConfiguration;
			buildSettings = {
				ALWAYS_SEARCH_USER_PATHS = NO;
				CLANG_ANALYZER_NONNULL = YES;
				CLANG_ANALYZER_NUMBER_OBJECT_CONVERSION = YES_AGGRESSIVE;
				CLANG_CXX_LANGUAGE_STANDARD = "gnu++14";
				CLANG_CXX_LIBRARY = "libc++";
				CLANG_ENABLE_MODULES = YES;
				CLANG_ENABLE_OBJC_ARC = YES;
				CLANG_ENABLE_OBJC_WEAK = YES;
				CLANG_WARN_BLOCK_CAPTURE_AUTORELEASING = YES;
				CLANG_WARN_BOOL_CONVERSION = YES;
				CLANG_WARN_COMMA = YES;
				CLANG_WARN_CONSTANT_CONVERSION = YES;
				CLANG_WARN_DEPRECATED_OBJC_IMPLEMENTATIONS = YES;
				CLANG_WARN_DIRECT_OBJC_ISA_USAGE = YES_ERROR;
				CLANG_WARN_DOCUMENTATION_COMMENTS = YES;
				CLANG_WARN_EMPTY_BODY = YES;
				CLANG_WARN_ENUM_CONVERSION = YES;
				CLANG_WARN_INFINITE_RECURSION = YES;
				CLANG_WARN_INT_CONVERSION = YES;
				CLANG_WARN_NON_LITERAL_NULL_CONVERSION = YES;
				CLANG_WARN_OBJC_IMPLICIT_RETAIN_SELF = YES;
				CLANG_WARN_OBJC_LITERAL_CONVERSION = YES;
				CLANG_WARN_OBJC_ROOT_CLASS = YES_ERROR;
				CLANG_WARN_RANGE_LOOP_ANALYSIS = YES;
				CLANG_WARN_STRICT_PROTOTYPES = YES;
				CLANG_WARN_SUSPICIOUS_MOVE = YES;
				CLANG_WARN_UNGUARDED_AVAILABILITY = YES_AGGRESSIVE;
				CLANG_WARN_UNREACHABLE_CODE = YES;
				CLANG_WARN__DUPLICATE_METHOD_MATCH = YES;
				COPY_PHASE_STRIP = NO;
				DEBUG_INFORMATION_FORMAT = "dwarf-with-dsym";
				ENABLE_NS_ASSERTIONS = NO;
				ENABLE_STRICT_OBJC_MSGSEND = YES;
				GCC_C_LANGUAGE_STANDARD = gnu11;
				GCC_NO_COMMON_BLOCKS = YES;
				GCC_WARN_64_TO_32_BIT_CONVERSION = YES;
				GCC_WARN_ABOUT_RETURN_TYPE = YES_ERROR;
				GCC_WARN_UNDECLARED_SELECTOR = YES;
				GCC_WARN_UNINITIALIZED_AUTOS = YES_AGGRESSIVE;
				GCC_WARN_UNUSED_FUNCTION = YES;
				GCC_WARN_UNUSED_VARIABLE = YES;
				IPHONEOS_DEPLOYMENT_TARGET = 13.2;
				MTL_ENABLE_DEBUG_INFO = NO;
				MTL_FAST_MATH = YES;
				SDKROOT = iphoneos;
				SWIFT_COMPILATION_MODE = wholemodule;
				SWIFT_OPTIMIZATION_LEVEL = "-O";
				VALIDATE_PRODUCT = YES;
			};
			name = Release;
		};
		417AEBC823FF1B4900434381 /* Debug */ = {
			isa = XCBuildConfiguration;
			buildSettings = {
				ASSETCATALOG_COMPILER_APPICON_NAME = AppIcon;
				CODE_SIGN_STYLE = Automatic;
				DEVELOPMENT_ASSET_PATHS = "\"frontend/Preview Content\"";
				DEVELOPMENT_TEAM = J3HXUU7HPL;
				ENABLE_PREVIEWS = YES;
				INFOPLIST_FILE = frontend/Info.plist;
				LD_RUNPATH_SEARCH_PATHS = (
					"$(inherited)",
					"@executable_path/Frameworks",
				);
				PRODUCT_BUNDLE_IDENTIFIER = com.shpl.fe;
				PRODUCT_NAME = "shpl-fe";
				SWIFT_VERSION = 5.0;
				TARGETED_DEVICE_FAMILY = "1,2";
			};
			name = Debug;
		};
		417AEBC923FF1B4900434381 /* Release */ = {
			isa = XCBuildConfiguration;
			buildSettings = {
				ASSETCATALOG_COMPILER_APPICON_NAME = AppIcon;
				CODE_SIGN_STYLE = Automatic;
				DEVELOPMENT_ASSET_PATHS = "\"frontend/Preview Content\"";
				DEVELOPMENT_TEAM = J3HXUU7HPL;
				ENABLE_PREVIEWS = YES;
				INFOPLIST_FILE = frontend/Info.plist;
				LD_RUNPATH_SEARCH_PATHS = (
					"$(inherited)",
					"@executable_path/Frameworks",
				);
				PRODUCT_BUNDLE_IDENTIFIER = com.shpl.fe;
				PRODUCT_NAME = "shpl-fe";
				SWIFT_VERSION = 5.0;
				TARGETED_DEVICE_FAMILY = "1,2";
			};
			name = Release;
		};
/* End XCBuildConfiguration section */

/* Begin XCConfigurationList section */
		417AEBAE23FF1B4700434381 /* Build configuration list for PBXProject "frontend" */ = {
			isa = XCConfigurationList;
			buildConfigurations = (
				417AEBC523FF1B4900434381 /* Debug */,
				417AEBC623FF1B4900434381 /* Release */,
			);
			defaultConfigurationIsVisible = 0;
			defaultConfigurationName = Release;
		};
		417AEBC723FF1B4900434381 /* Build configuration list for PBXNativeTarget "frontend" */ = {
			isa = XCConfigurationList;
			buildConfigurations = (
				417AEBC823FF1B4900434381 /* Debug */,
				417AEBC923FF1B4900434381 /* Release */,
			);
			defaultConfigurationIsVisible = 0;
			defaultConfigurationName = Release;
		};
/* End XCConfigurationList section */

/* Begin XCRemoteSwiftPackageReference section */
		417AEBCF23FF1DDE00434381 /* XCRemoteSwiftPackageReference "apollo-ios" */ = {
			isa = XCRemoteSwiftPackageReference;
			repositoryURL = "https://github.com/apollographql/apollo-ios";
			requirement = {
				kind = upToNextMinorVersion;
				minimumVersion = 0.22.0;
			};
		};
/* End XCRemoteSwiftPackageReference section */

/* Begin XCSwiftPackageProductDependency section */
		417AEBD023FF1DDE00434381 /* Apollo */ = {
			isa = XCSwiftPackageProductDependency;
			package = 417AEBCF23FF1DDE00434381 /* XCRemoteSwiftPackageReference "apollo-ios" */;
			productName = Apollo;
		};
/* End XCSwiftPackageProductDependency section */
	};
	rootObject = 417AEBAB23FF1B4700434381 /* Project object */;
}
